
Microsoft Visual Studio Solution File, Format Version 12.00
# Visual Studio Version 16
VisualStudioVersion = 16.0.30907.101
MinimumVisualStudioVersion = 10.0.40219.1
Project("{9A19103F-16F7-4668-BE54-9A1E7A4F7556}") = "com.mobiquity.packer", "source\com.mobiquity.packer\com.mobiquity.packer.csproj", "{91C24FA6-E3EB-4C44-B08D-8F8D0A832255}"
EndProject
Project("{9A19103F-16F7-4668-BE54-9A1E7A4F7556}") = "com.mobiquity.packer.tests", "tests\com.mobiquity.packer.tests\com.mobiquity.packer.tests.csproj", "{1AD59519-0EB3-4539-9603-11E997370072}"
EndProject
Project("{FAE04EC0-301F-11D3-BF4B-00C04F79EFBC}") = "com.mobiquity.packer.IntegrationTestConsoleApp", "tests\com.mobiquity.packer.IntegrationTestConsoleApp\com.mobiquity.packer.IntegrationTestConsoleApp.csproj", "{59157F0E-8D93-44AE-BFAF-67D1ED4656D1}"
EndProject
Global
	GlobalSection(SolutionConfigurationPlatforms) = preSolution
		Debug|Any CPU = Debug|Any CPU
		Release|Any CPU = Release|Any CPU
	EndGlobalSection
	GlobalSection(ProjectConfigurationPlatforms) = postSolution
		{91C24FA6-E3EB-4C44-B08D-8F8D0A832255}.Debug|Any CPU.ActiveCfg = Debug|Any CPU
		{91C24FA6-E3EB-4C44-B08D-8F8D0A832255}.Debug|Any CPU.Build.0 = Debug|Any CPU
		{91C24FA6-E3EB-4C44-B08D-8F8D0A832255}.Release|Any CPU.ActiveCfg = Release|Any CPU
		{91C24FA6-E3EB-4C44-B08D-8F8D0A832255}.Release|Any CPU.Build.0 = Release|Any CPU
		{1AD59519-0EB3-4539-9603-11E997370072}.Debug|Any CPU.ActiveCfg = Debug|Any CPU
		{1AD59519-0EB3-4539-9603-11E997370072}.Debug|Any CPU.Build.0 = Debug|Any CPU
		{1AD59519-0EB3-4539-9603-11E997370072}.Release|Any CPU.ActiveCfg = Release|Any CPU
		{1AD59519-0EB3-4539-9603-11E997370072}.Release|Any CPU.Build.0 = Release|Any CPU
		{59157F0E-8D93-44AE-BFAF-67D1ED4656D1}.Debug|Any CPU.ActiveCfg = Debug|Any CPU
		{59157F0E-8D93-44AE-BFAF-67D1ED4656D1}.Debug|Any CPU.Build.0 = Debug|Any CPU
		{59157F0E-8D93-44AE-BFAF-67D1ED4656D1}.Release|Any CPU.ActiveCfg = Release|Any CPU
		{59157F0E-8D93-44AE-BFAF-67D1ED4656D1}.Release|Any CPU.Build.0 = Release|Any CPU
	EndGlobalSection
	GlobalSection(SolutionProperties) = preSolution
		HideSolutionNode = FALSE
	EndGlobalSection
	GlobalSection(ExtensibilityGlobals) = postSolution
		SolutionGuid = {1E4D54DA-5C05-425C-AF8C-2149C5D89CD4}
	EndGlobalSection
EndGlobal
